
Microsoft Visual Studio Solution File, Format Version 12.00
# Visual Studio Version 17
VisualStudioVersion = 17.12.35707.178 d17.12
MinimumVisualStudioVersion = 10.0.40219.1
Project("{FAE04EC0-301F-11D3-BF4B-00C04F79EFBC}") = "GrpcChatServer", "GrpcChatServer.csproj", "{1CFA85CD-78B8-4891-A513-F4F0D2FEBEEB}"
EndProject
Global
	GlobalSection(SolutionConfigurationPlatforms) = preSolution
		Debug|Any CPU = Debug|Any CPU
		Release|Any CPU = Release|Any CPU
	EndGlobalSection
	GlobalSection(ProjectConfigurationPlatforms) = postSolution
		{1CFA85CD-78B8-4891-A513-F4F0D2FEBEEB}.Debug|Any CPU.ActiveCfg = Debug|Any CPU
		{1CFA85CD-78B8-4891-A513-F4F0D2FEBEEB}.Debug|Any CPU.Build.0 = Debug|Any CPU
		{1CFA85CD-78B8-4891-A513-F4F0D2FEBEEB}.Release|Any CPU.ActiveCfg = Release|Any CPU
		{1CFA85CD-78B8-4891-A513-F4F0D2FEBEEB}.Release|Any CPU.Build.0 = Release|Any CPU
	EndGlobalSection
	GlobalSection(SolutionProperties) = preSolution
		HideSolutionNode = FALSE
	EndGlobalSection
EndGlobal
